
Microsoft Visual Studio Solution File, Format Version 12.00
# Visual Studio Version 17
VisualStudioVersion = 17.4.33205.214
MinimumVisualStudioVersion = 10.0.40219.1
Project("{FAE04EC0-301F-11D3-BF4B-00C04F79EFBC}") = "Service", "Service\Service.csproj", "{03F3F4C0-E1CC-4DD3-A4EB-6D21E6F05296}"
EndProject
Global
	GlobalSection(SolutionConfigurationPlatforms) = preSolution
		Debug|Any CPU = Debug|Any CPU
		Release|Any CPU = Release|Any CPU
	EndGlobalSection
	GlobalSection(ProjectConfigurationPlatforms) = postSolution
		{03F3F4C0-E1CC-4DD3-A4EB-6D21E6F05296}.Debug|Any CPU.ActiveCfg = Debug|Any CPU
		{03F3F4C0-E1CC-4DD3-A4EB-6D21E6F05296}.Debug|Any CPU.Build.0 = Debug|Any CPU
		{03F3F4C0-E1CC-4DD3-A4EB-6D21E6F05296}.Release|Any CPU.ActiveCfg = Release|Any CPU
		{03F3F4C0-E1CC-4DD3-A4EB-6D21E6F05296}.Release|Any CPU.Build.0 = Release|Any CPU
	EndGlobalSection
	GlobalSection(SolutionProperties) = preSolution
		HideSolutionNode = FALSE
	EndGlobalSection
	GlobalSection(ExtensibilityGlobals) = postSolution
		SolutionGuid = {48C579B5-8753-4006-A23B-1B7A89850CC3}
	EndGlobalSection
EndGlobal
