
Microsoft Visual Studio Solution File, Format Version 12.00
# Visual Studio Version 17
VisualStudioVersion = 17.4.33205.214
MinimumVisualStudioVersion = 10.0.40219.1
Project("{9A19103F-16F7-4668-BE54-9A1E7A4F7556}") = "MyApp", "MyApp\MyApp.csproj", "{D9921FB8-A0BC-4AB8-BD11-31571250F63B}"
EndProject
Project("{9A19103F-16F7-4668-BE54-9A1E7A4F7556}") = "MyApp.DataAccess", "MyApp.DataAccess\MyApp.DataAccess.csproj", "{C8C4118A-49B6-42FD-820E-D39065876001}"
EndProject
Project("{9A19103F-16F7-4668-BE54-9A1E7A4F7556}") = "MyApp.Models", "MyApp.Models\MyApp.Models.csproj", "{CCB78EC6-6C10-48CE-B9E6-67DB1F324553}"
EndProject
Project("{FAE04EC0-301F-11D3-BF4B-00C04F79EFBC}") = "MyApp.Services", "MyApp.Services\MyApp.Services.csproj", "{955F5628-2D3D-4F52-A74B-DDF4916135B0}"
EndProject
Global
	GlobalSection(SolutionConfigurationPlatforms) = preSolution
		Debug|Any CPU = Debug|Any CPU
		Debug|x64 = Debug|x64
		Release|Any CPU = Release|Any CPU
		Release|x64 = Release|x64
	EndGlobalSection
	GlobalSection(ProjectConfigurationPlatforms) = postSolution
		{D9921FB8-A0BC-4AB8-BD11-31571250F63B}.Debug|Any CPU.ActiveCfg = Debug|Any CPU
		{D9921FB8-A0BC-4AB8-BD11-31571250F63B}.Debug|Any CPU.Build.0 = Debug|Any CPU
		{D9921FB8-A0BC-4AB8-BD11-31571250F63B}.Debug|x64.ActiveCfg = Debug|x64
		{D9921FB8-A0BC-4AB8-BD11-31571250F63B}.Debug|x64.Build.0 = Debug|x64
		{D9921FB8-A0BC-4AB8-BD11-31571250F63B}.Release|Any CPU.ActiveCfg = Release|Any CPU
		{D9921FB8-A0BC-4AB8-BD11-31571250F63B}.Release|Any CPU.Build.0 = Release|Any CPU
		{D9921FB8-A0BC-4AB8-BD11-31571250F63B}.Release|x64.ActiveCfg = Release|x64
		{D9921FB8-A0BC-4AB8-BD11-31571250F63B}.Release|x64.Build.0 = Release|x64
		{C8C4118A-49B6-42FD-820E-D39065876001}.Debug|Any CPU.ActiveCfg = Debug|Any CPU
		{C8C4118A-49B6-42FD-820E-D39065876001}.Debug|Any CPU.Build.0 = Debug|Any CPU
		{C8C4118A-49B6-42FD-820E-D39065876001}.Debug|x64.ActiveCfg = Debug|Any CPU
		{C8C4118A-49B6-42FD-820E-D39065876001}.Debug|x64.Build.0 = Debug|Any CPU
		{C8C4118A-49B6-42FD-820E-D39065876001}.Release|Any CPU.ActiveCfg = Release|Any CPU
		{C8C4118A-49B6-42FD-820E-D39065876001}.Release|Any CPU.Build.0 = Release|Any CPU
		{C8C4118A-49B6-42FD-820E-D39065876001}.Release|x64.ActiveCfg = Release|Any CPU
		{C8C4118A-49B6-42FD-820E-D39065876001}.Release|x64.Build.0 = Release|Any CPU
		{CCB78EC6-6C10-48CE-B9E6-67DB1F324553}.Debug|Any CPU.ActiveCfg = Debug|Any CPU
		{CCB78EC6-6C10-48CE-B9E6-67DB1F324553}.Debug|Any CPU.Build.0 = Debug|Any CPU
		{CCB78EC6-6C10-48CE-B9E6-67DB1F324553}.Debug|x64.ActiveCfg = Debug|Any CPU
		{CCB78EC6-6C10-48CE-B9E6-67DB1F324553}.Debug|x64.Build.0 = Debug|Any CPU
		{CCB78EC6-6C10-48CE-B9E6-67DB1F324553}.Release|Any CPU.ActiveCfg = Release|Any CPU
		{CCB78EC6-6C10-48CE-B9E6-67DB1F324553}.Release|Any CPU.Build.0 = Release|Any CPU
		{CCB78EC6-6C10-48CE-B9E6-67DB1F324553}.Release|x64.ActiveCfg = Release|Any CPU
		{CCB78EC6-6C10-48CE-B9E6-67DB1F324553}.Release|x64.Build.0 = Release|Any CPU
		{955F5628-2D3D-4F52-A74B-DDF4916135B0}.Debug|Any CPU.ActiveCfg = Debug|Any CPU
		{955F5628-2D3D-4F52-A74B-DDF4916135B0}.Debug|Any CPU.Build.0 = Debug|Any CPU
		{955F5628-2D3D-4F52-A74B-DDF4916135B0}.Debug|x64.ActiveCfg = Debug|Any CPU
		{955F5628-2D3D-4F52-A74B-DDF4916135B0}.Debug|x64.Build.0 = Debug|Any CPU
		{955F5628-2D3D-4F52-A74B-DDF4916135B0}.Release|Any CPU.ActiveCfg = Release|Any CPU
		{955F5628-2D3D-4F52-A74B-DDF4916135B0}.Release|Any CPU.Build.0 = Release|Any CPU
		{955F5628-2D3D-4F52-A74B-DDF4916135B0}.Release|x64.ActiveCfg = Release|Any CPU
		{955F5628-2D3D-4F52-A74B-DDF4916135B0}.Release|x64.Build.0 = Release|Any CPU
	EndGlobalSection
	GlobalSection(SolutionProperties) = preSolution
		HideSolutionNode = FALSE
	EndGlobalSection
	GlobalSection(ExtensibilityGlobals) = postSolution
		SolutionGuid = {D39F6F28-28FB-4458-A895-C352E84A1F78}
	EndGlobalSection
EndGlobal
