
Microsoft Visual Studio Solution File, Format Version 12.00
# Visual Studio Version 17
VisualStudioVersion = 17.4.33205.214
MinimumVisualStudioVersion = 10.0.40219.1
Project("{FAE04EC0-301F-11D3-BF4B-00C04F79EFBC}") = "WebAPI.NET7", "WebApplication.Net7\WebAPI.NET7.csproj", "{ED81F759-7CD3-4DF5-B59A-839F8DF911D6}"
EndProject
Global
	GlobalSection(SolutionConfigurationPlatforms) = preSolution
		Debug|Any CPU = Debug|Any CPU
		Debug|x64 = Debug|x64
		Release|Any CPU = Release|Any CPU
		Release|x64 = Release|x64
	EndGlobalSection
	GlobalSection(ProjectConfigurationPlatforms) = postSolution
		{ED81F759-7CD3-4DF5-B59A-839F8DF911D6}.Debug|Any CPU.ActiveCfg = Debug|Any CPU
		{ED81F759-7CD3-4DF5-B59A-839F8DF911D6}.Debug|Any CPU.Build.0 = Debug|Any CPU
		{ED81F759-7CD3-4DF5-B59A-839F8DF911D6}.Debug|x64.ActiveCfg = Debug|x64
		{ED81F759-7CD3-4DF5-B59A-839F8DF911D6}.Debug|x64.Build.0 = Debug|x64
		{ED81F759-7CD3-4DF5-B59A-839F8DF911D6}.Release|Any CPU.ActiveCfg = Release|Any CPU
		{ED81F759-7CD3-4DF5-B59A-839F8DF911D6}.Release|Any CPU.Build.0 = Release|Any CPU
		{ED81F759-7CD3-4DF5-B59A-839F8DF911D6}.Release|x64.ActiveCfg = Release|x64
		{ED81F759-7CD3-4DF5-B59A-839F8DF911D6}.Release|x64.Build.0 = Release|x64
	EndGlobalSection
	GlobalSection(SolutionProperties) = preSolution
		HideSolutionNode = FALSE
	EndGlobalSection
	GlobalSection(ExtensibilityGlobals) = postSolution
		SolutionGuid = {0F2C807B-5DA3-4CA9-BDA2-E290AA93BCA5}
	EndGlobalSection
EndGlobal
